
Microsoft Visual Studio Solution File, Format Version 12.00
# Visual Studio 14
VisualStudioVersion = 14.0.25420.1
MinimumVisualStudioVersion = 10.0.40219.1
Project("{FAE04EC0-301F-11D3-BF4B-00C04F79EFBC}") = "Dianoga", "src\Dianoga\Dianoga.csproj", "{FD53D6C4-00CC-4CD0-8B18-98D0DD97C289}"
EndProject
Project("{FAE04EC0-301F-11D3-BF4B-00C04F79EFBC}") = "Dianoga.Tests", "src\Dianoga.Tests\Dianoga.Tests.csproj", "{655AA3A1-94BA-4169-A603-A71C59739528}"
EndProject
Project("{2150E333-8FDC-42A3-9474-1A3956D46DE8}") = "Readme", "Readme", "{85F73D51-4BF9-4DB6-A549-25D3369CDCCF}"
	ProjectSection(SolutionItems) = preProject
		README.md = README.md
	EndProjectSection
EndProject
Global
	GlobalSection(SolutionConfigurationPlatforms) = preSolution
		Debug|Any CPU = Debug|Any CPU
		Release|Any CPU = Release|Any CPU
	EndGlobalSection
	GlobalSection(ProjectConfigurationPlatforms) = postSolution
		{FD53D6C4-00CC-4CD0-8B18-98D0DD97C289}.Debug|Any CPU.ActiveCfg = Debug|Any CPU
		{FD53D6C4-00CC-4CD0-8B18-98D0DD97C289}.Debug|Any CPU.Build.0 = Debug|Any CPU
		{FD53D6C4-00CC-4CD0-8B18-98D0DD97C289}.Release|Any CPU.ActiveCfg = Release|Any CPU
		{FD53D6C4-00CC-4CD0-8B18-98D0DD97C289}.Release|Any CPU.Build.0 = Release|Any CPU
		{655AA3A1-94BA-4169-A603-A71C59739528}.Debug|Any CPU.ActiveCfg = Debug|Any CPU
		{655AA3A1-94BA-4169-A603-A71C59739528}.Debug|Any CPU.Build.0 = Debug|Any CPU
		{655AA3A1-94BA-4169-A603-A71C59739528}.Release|Any CPU.ActiveCfg = Release|Any CPU
		{655AA3A1-94BA-4169-A603-A71C59739528}.Release|Any CPU.Build.0 = Release|Any CPU
	EndGlobalSection
	GlobalSection(SolutionProperties) = preSolution
		HideSolutionNode = FALSE
	EndGlobalSection
EndGlobal
